{
  "name": "gowasm",
  "version": "1.0.0",
  "lockfileVersion": 3,
  "requires": true,
  "packages": {
    "": {
      "name": "gowasm",
      "version": "1.0.0",
      "devDependencies": {
        "oxlint": "^0.12.0"
      }
    },
    "node_modules/@oxlint/darwin-arm64": {
      "version": "0.12.0",
      "resolved": "https://registry.npmjs.org/@oxlint/darwin-arm64/-/darwin-arm64-0.12.0.tgz",
      "integrity": "sha512-UydkjcAImpmBn8JYaMPg0zJrwgWJMGvJagvCnyPfyiBRWAN83Kq+BDgJZgIq+2Te6kvlnoiHWNJKVJmpy0f0BA==",
      "cpu": [
        "arm64"
      ],
      "dev": true,
      "license": "MIT",
      "optional": true,
      "os": [
        "darwin"
      ]
    },
    "node_modules/@oxlint/darwin-x64": {
      "version": "0.12.0",
      "resolved": "https://registry.npmjs.org/@oxlint/darwin-x64/-/darwin-x64-0.12.0.tgz",
      "integrity": "sha512-bxLyiAiHzXB56w7cf50YNPpZlK+PMxA8GgHutRSoNK/Z/BR/xsibNLs/9YNUnjHB+PF19+EbIRtJxoHjmbRr8g==",
      "cpu": [
        "x64"
      ],
      "dev": true,
      "license": "MIT",
      "optional": true,
      "os": [
        "darwin"
      ]
    },
    "node_modules/@oxlint/linux-arm64-gnu": {
      "version": "0.12.0",
      "resolved": "https://registry.npmjs.org/@oxlint/linux-arm64-gnu/-/linux-arm64-gnu-0.12.0.tgz",
      "integrity": "sha512-jVkmfoMjPKFDIZySmpykwrCmx5xhpLJdMpUAR8ycEkFRJFp5qKLWZd6cEjiMb7gxmWN6qcCvDVTF/zEs3aRpyQ==",
      "cpu": [
        "arm64"
      ],
      "dev": true,
      "libc": [
        "glibc"
      ],
      "license": "MIT",
      "optional": true,
      "os": [
        "linux"
      ]
    },
    "node_modules/@oxlint/linux-arm64-musl": {
      "version": "0.12.0",
      "resolved": "https://registry.npmjs.org/@oxlint/linux-arm64-musl/-/linux-arm64-musl-0.12.0.tgz",
      "integrity": "sha512-8VdV1nKYDj7AFaw1a03Ih43/+pUS/hhMZbTFLRMpvlVp1cPtdB77c+bl/OdiJ/BwNTzLIzr/GrospwCoEJkQKg==",
      "cpu": [
        "arm64"
      ],
      "dev": true,
      "libc": [
        "musl"
      ],
      "license": "MIT",
      "optional": true,
      "os": [
        "linux"
      ]
    },
    "node_modules/@oxlint/linux-x64-gnu": {
      "version": "0.12.0",
      "resolved": "https://registry.npmjs.org/@oxlint/linux-x64-gnu/-/linux-x64-gnu-0.12.0.tgz",
      "integrity": "sha512-MacAt8N4XU5DeoHcseXLom/z+B0seecCz8vGAH4ppF2EH49o7NbN7VvFsw2nZ2QNO/4vw+pdS1BHXLTr9lY6zQ==",
      "cpu": [
        "x64"
      ],
      "dev": true,
      "libc": [
        "glibc"
      ],
      "license": "MIT",
      "optional": true,
      "os": [
        "linux"
      ]
    },
    "node_modules/@oxlint/linux-x64-musl": {
      "version": "0.12.0",
      "resolved": "https://registry.npmjs.org/@oxlint/linux-x64-musl/-/linux-x64-musl-0.12.0.tgz",
      "integrity": "sha512-/ZBDJ9wpUE6bB05nniQl29kD5vJUMg6n75LdHD8F6ThXfsHGI/n7Je3gzggnXokgf9UQpTUPWrWlfEuWVCBMag==",
      "cpu": [
        "x64"
      ],
      "dev": true,
      "libc": [
        "musl"
      ],
      "license": "MIT",
      "optional": true,
      "os": [
        "linux"
      ]
    },
    "node_modules/@oxlint/win32-arm64": {
      "version": "0.12.0",
      "resolved": "https://registry.npmjs.org/@oxlint/win32-arm64/-/win32-arm64-0.12.0.tgz",
      "integrity": "sha512-hY1ya9dv8VY8113YSSDfMs/989aFmoA2fIZco8uxTxIEVl9nGY6tDtpgKZqUIiGrrMbDO8BBb1G5jsekmfexbA==",
      "cpu": [
        "arm64"
      ],
      "dev": true,
      "license": "MIT",
      "optional": true,
      "os": [
        "win32"
      ]
    },
    "node_modules/@oxlint/win32-x64": {
      "version": "0.12.0",
      "resolved": "https://registry.npmjs.org/@oxlint/win32-x64/-/win32-x64-0.12.0.tgz",
      "integrity": "sha512-NHLJolo4sZk3nu/bPNuaJ+6p5DdHoRuZAjyuSO6CnLgpmZcYqx7LgngA/x2oB/bLgi4Hv9twjHjODc5Ce5o14g==",
      "cpu": [
        "x64"
      ],
      "dev": true,
      "license": "MIT",
      "optional": true,
      "os": [
        "win32"
      ]
    },
    "node_modules/oxlint": {
      "version": "0.12.0",
      "resolved": "https://registry.npmjs.org/oxlint/-/oxlint-0.12.0.tgz",
      "integrity": "sha512-M0vWq8KYtp4vpweRxcdCiVO8QFwzoRyp5bWTMrEL/0Z+GDKCMJltac7H3T3T09FIiktOZLvID733d7OcKk/caw==",
      "dev": true,
      "license": "MIT",
      "bin": {
        "oxc_language_server": "bin/oxc_language_server",
        "oxlint": "bin/oxlint"
      },
      "engines": {
        "node": ">=14.*"
      },
      "funding": {
        "url": "https://github.com/sponsors/Boshen"
      },
      "optionalDependencies": {
        "@oxlint/darwin-arm64": "0.12.0",
        "@oxlint/darwin-x64": "0.12.0",
        "@oxlint/linux-arm64-gnu": "0.12.0",
        "@oxlint/linux-arm64-musl": "0.12.0",
        "@oxlint/linux-x64-gnu": "0.12.0",
        "@oxlint/linux-x64-musl": "0.12.0",
        "@oxlint/win32-arm64": "0.12.0",
        "@oxlint/win32-x64": "0.12.0"
      }
    }
  }
}
